// !$*UTF8*$!
{
	archiveVersion = 1;
	classes = {
	};
	objectVersion = 52;
	objects = {

/* Begin PBXBuildFile section */
		7213CE5924ABC2F900E3BB3F /* UIStackView+init.swift in Sources */ = {isa = PBXBuildFile; fileRef = 7213CE5824ABC2F900E3BB3F /* UIStackView+init.swift */; };
		7213CE5B24ABDBBA00E3BB3F /* PreviewCell.swift in Sources */ = {isa = PBXBuildFile; fileRef = 7213CE5A24ABDBBA00E3BB3F /* PreviewCell.swift */; };
		7213CE5D24ABE11E00E3BB3F /* PreviewScreenshotsController.swift in Sources */ = {isa = PBXBuildFile; fileRef = 7213CE5C24ABE11E00E3BB3F /* PreviewScreenshotsController.swift */; };
		7213CE5F24ABE25900E3BB3F /* ScreenshotCell.swift in Sources */ = {isa = PBXBuildFile; fileRef = 7213CE5E24ABE25900E3BB3F /* ScreenshotCell.swift */; };
		7213CE6124ABE6ED00E3BB3F /* ReviewRowCell.swift in Sources */ = {isa = PBXBuildFile; fileRef = 7213CE6024ABE6ED00E3BB3F /* ReviewRowCell.swift */; };
		7213CE6324AC839800E3BB3F /* ReviewsController.swift in Sources */ = {isa = PBXBuildFile; fileRef = 7213CE6224AC839800E3BB3F /* ReviewsController.swift */; };
		7213CE6524AC84E400E3BB3F /* ReviewCell.swift in Sources */ = {isa = PBXBuildFile; fileRef = 7213CE6424AC84E400E3BB3F /* ReviewCell.swift */; };
		7213CE6724AC8BC800E3BB3F /* Reviews.swift in Sources */ = {isa = PBXBuildFile; fileRef = 7213CE6624AC8BC800E3BB3F /* Reviews.swift */; };
		7213CE6924AC8BE500E3BB3F /* ReviewFeed.swift in Sources */ = {isa = PBXBuildFile; fileRef = 7213CE6824AC8BE500E3BB3F /* ReviewFeed.swift */; };
		7213CE6B24AC8C5700E3BB3F /* Entry.swift in Sources */ = {isa = PBXBuildFile; fileRef = 7213CE6A24AC8C5700E3BB3F /* Entry.swift */; };
		7213CE6D24AC8C6D00E3BB3F /* Label.swift in Sources */ = {isa = PBXBuildFile; fileRef = 7213CE6C24AC8C6D00E3BB3F /* Label.swift */; };
		7213CE6F24AC8C8A00E3BB3F /* Result.swift in Sources */ = {isa = PBXBuildFile; fileRef = 7213CE6E24AC8C8A00E3BB3F /* Result.swift */; };
		7213CE7124AC8DD300E3BB3F /* Author.swift in Sources */ = {isa = PBXBuildFile; fileRef = 7213CE7024AC8DD300E3BB3F /* Author.swift */; };
		7213CE7424ACCBB000E3BB3F /* TodayController.swift in Sources */ = {isa = PBXBuildFile; fileRef = 7213CE7324ACCBB000E3BB3F /* TodayController.swift */; };
		7213CE7924ACCC4700E3BB3F /* TodayCell.swift in Sources */ = {isa = PBXBuildFile; fileRef = 7213CE7824ACCC4700E3BB3F /* TodayCell.swift */; };
		7213CE7B24AD112400E3BB3F /* AppFullscreenController.swift in Sources */ = {isa = PBXBuildFile; fileRef = 7213CE7A24AD112400E3BB3F /* AppFullscreenController.swift */; };
		7213CE7D24AD173500E3BB3F /* AppFullscreedDescriptionCell.swift in Sources */ = {isa = PBXBuildFile; fileRef = 7213CE7C24AD173500E3BB3F /* AppFullscreedDescriptionCell.swift */; };
		7213CE7F24ADE52800E3BB3F /* AppFullscreenHeaderCell.swift in Sources */ = {isa = PBXBuildFile; fileRef = 7213CE7E24ADE52800E3BB3F /* AppFullscreenHeaderCell.swift */; };
		7213CE8124ADED9900E3BB3F /* TodayItem.swift in Sources */ = {isa = PBXBuildFile; fileRef = 7213CE8024ADED9900E3BB3F /* TodayItem.swift */; };
		7240C72324AA619B007948F8 /* SocialApp.swift in Sources */ = {isa = PBXBuildFile; fileRef = 7240C72224AA619B007948F8 /* SocialApp.swift */; };
		7240C72524ABABF5007948F8 /* HorizontalSnappingController.swift in Sources */ = {isa = PBXBuildFile; fileRef = 7240C72424ABABF5007948F8 /* HorizontalSnappingController.swift */; };
		7240C72724ABB000007948F8 /* SnappingLayout.swift in Sources */ = {isa = PBXBuildFile; fileRef = 7240C72624ABB000007948F8 /* SnappingLayout.swift */; };
		7240C72A24ABBA00007948F8 /* AppDetailController.swift in Sources */ = {isa = PBXBuildFile; fileRef = 7240C72924ABBA00007948F8 /* AppDetailController.swift */; };
		726A5CE324A92A8E00C64BD4 /* SearchResultCell.swift in Sources */ = {isa = PBXBuildFile; fileRef = 726A5CE224A92A8E00C64BD4 /* SearchResultCell.swift */; };
		726A5CE624A94B4800C64BD4 /* UIView+Layout.swift in Sources */ = {isa = PBXBuildFile; fileRef = 726A5CE524A94B4800C64BD4 /* UIView+Layout.swift */; };
		726A5CE824A94F5100C64BD4 /* VerticalStackView.swift in Sources */ = {isa = PBXBuildFile; fileRef = 726A5CE724A94F5100C64BD4 /* VerticalStackView.swift */; };
		726A5CEB24A95B6600C64BD4 /* SearchResult.swift in Sources */ = {isa = PBXBuildFile; fileRef = 726A5CEA24A95B6600C64BD4 /* SearchResult.swift */; };
		726A5CEE24A95F8700C64BD4 /* Service.swift in Sources */ = {isa = PBXBuildFile; fileRef = 726A5CED24A95F8700C64BD4 /* Service.swift */; };
		726A5CF124A9648B00C64BD4 /* SDWebImage in Frameworks */ = {isa = PBXBuildFile; productRef = 726A5CF024A9648B00C64BD4 /* SDWebImage */; };
		726A5CF424AA042F00C64BD4 /* AppsPageViewController.swift in Sources */ = {isa = PBXBuildFile; fileRef = 726A5CF324AA042F00C64BD4 /* AppsPageViewController.swift */; };
		726A5CF624AA04C400C64BD4 /* BaseListController.swift in Sources */ = {isa = PBXBuildFile; fileRef = 726A5CF524AA04C400C64BD4 /* BaseListController.swift */; };
		726F969B24ABBE7E00B04BA9 /* AppDetailCell.swift in Sources */ = {isa = PBXBuildFile; fileRef = 726F969A24ABBE7E00B04BA9 /* AppDetailCell.swift */; };
		727AA39F24AA0700004C37EF /* AppsGroupCell.swift in Sources */ = {isa = PBXBuildFile; fileRef = 727AA39E24AA0700004C37EF /* AppsGroupCell.swift */; };
		727AA3A124AA0A0E004C37EF /* UILabel+init.swift in Sources */ = {isa = PBXBuildFile; fileRef = 727AA3A024AA0A0E004C37EF /* UILabel+init.swift */; };
		727AA3A324AA358F004C37EF /* AppsHorizontalController.swift in Sources */ = {isa = PBXBuildFile; fileRef = 727AA3A224AA358F004C37EF /* AppsHorizontalController.swift */; };
		727AA3A524AA3C10004C37EF /* AppRowCell.swift in Sources */ = {isa = PBXBuildFile; fileRef = 727AA3A424AA3C10004C37EF /* AppRowCell.swift */; };
		727AA3A724AA3D56004C37EF /* UIImageView+init.swift in Sources */ = {isa = PBXBuildFile; fileRef = 727AA3A624AA3D56004C37EF /* UIImageView+init.swift */; };
		727AA3A924AA3DE0004C37EF /* UIButton+inir.swift in Sources */ = {isa = PBXBuildFile; fileRef = 727AA3A824AA3DE0004C37EF /* UIButton+inir.swift */; };
		727AA3AB24AA428F004C37EF /* AppsPageHeader.swift in Sources */ = {isa = PBXBuildFile; fileRef = 727AA3AA24AA428F004C37EF /* AppsPageHeader.swift */; };
		727AA3AD24AA4437004C37EF /* AppsHeaderHorizontalController.swift in Sources */ = {isa = PBXBuildFile; fileRef = 727AA3AC24AA4437004C37EF /* AppsHeaderHorizontalController.swift */; };
		727AA3AF24AA4641004C37EF /* AppsHeaderCell.swift in Sources */ = {isa = PBXBuildFile; fileRef = 727AA3AE24AA4641004C37EF /* AppsHeaderCell.swift */; };
		727AA3B124AA4E17004C37EF /* AppGroup.swift in Sources */ = {isa = PBXBuildFile; fileRef = 727AA3B024AA4E17004C37EF /* AppGroup.swift */; };
		727AA3B324AA4E2C004C37EF /* Feed.swift in Sources */ = {isa = PBXBuildFile; fileRef = 727AA3B224AA4E2C004C37EF /* Feed.swift */; };
		727AA3B524AA4E6E004C37EF /* FeedResult.swift in Sources */ = {isa = PBXBuildFile; fileRef = 727AA3B424AA4E6E004C37EF /* FeedResult.swift */; };
		72CD602224A912890074E697 /* AppDelegate.swift in Sources */ = {isa = PBXBuildFile; fileRef = 72CD602124A912890074E697 /* AppDelegate.swift */; };
		72CD602B24A9128A0074E697 /* Assets.xcassets in Resources */ = {isa = PBXBuildFile; fileRef = 72CD602A24A9128A0074E697 /* Assets.xcassets */; };
		72CD603624A9134D0074E697 /* BaseTabBarController.swift in Sources */ = {isa = PBXBuildFile; fileRef = 72CD603524A9134D0074E697 /* BaseTabBarController.swift */; };
		72CD603B24A91EE60074E697 /* AppsSearchViewController.swift in Sources */ = {isa = PBXBuildFile; fileRef = 72CD603A24A91EE60074E697 /* AppsSearchViewController.swift */; };
/* End PBXBuildFile section */

/* Begin PBXFileReference section */
		7213CE5824ABC2F900E3BB3F /* UIStackView+init.swift */ = {isa = PBXFileReference; lastKnownFileType = sourcecode.swift; path = "UIStackView+init.swift"; sourceTree = "<group>"; };
		7213CE5A24ABDBBA00E3BB3F /* PreviewCell.swift */ = {isa = PBXFileReference; lastKnownFileType = sourcecode.swift; path = PreviewCell.swift; sourceTree = "<group>"; };
		7213CE5C24ABE11E00E3BB3F /* PreviewScreenshotsController.swift */ = {isa = PBXFileReference; lastKnownFileType = sourcecode.swift; path = PreviewScreenshotsController.swift; sourceTree = "<group>"; };
		7213CE5E24ABE25900E3BB3F /* ScreenshotCell.swift */ = {isa = PBXFileReference; lastKnownFileType = sourcecode.swift; path = ScreenshotCell.swift; sourceTree = "<group>"; };
		7213CE6024ABE6ED00E3BB3F /* ReviewRowCell.swift */ = {isa = PBXFileReference; lastKnownFileType = sourcecode.swift; path = ReviewRowCell.swift; sourceTree = "<group>"; };
		7213CE6224AC839800E3BB3F /* ReviewsController.swift */ = {isa = PBXFileReference; lastKnownFileType = sourcecode.swift; path = ReviewsController.swift; sourceTree = "<group>"; };
		7213CE6424AC84E400E3BB3F /* ReviewCell.swift */ = {isa = PBXFileReference; lastKnownFileType = sourcecode.swift; path = ReviewCell.swift; sourceTree = "<group>"; };
		7213CE6624AC8BC800E3BB3F /* Reviews.swift */ = {isa = PBXFileReference; lastKnownFileType = sourcecode.swift; path = Reviews.swift; sourceTree = "<group>"; };
		7213CE6824AC8BE500E3BB3F /* ReviewFeed.swift */ = {isa = PBXFileReference; lastKnownFileType = sourcecode.swift; path = ReviewFeed.swift; sourceTree = "<group>"; };
		7213CE6A24AC8C5700E3BB3F /* Entry.swift */ = {isa = PBXFileReference; lastKnownFileType = sourcecode.swift; path = Entry.swift; sourceTree = "<group>"; };
		7213CE6C24AC8C6D00E3BB3F /* Label.swift */ = {isa = PBXFileReference; lastKnownFileType = sourcecode.swift; path = Label.swift; sourceTree = "<group>"; };
		7213CE6E24AC8C8A00E3BB3F /* Result.swift */ = {isa = PBXFileReference; lastKnownFileType = sourcecode.swift; path = Result.swift; sourceTree = "<group>"; };
		7213CE7024AC8DD300E3BB3F /* Author.swift */ = {isa = PBXFileReference; lastKnownFileType = sourcecode.swift; path = Author.swift; sourceTree = "<group>"; };
		7213CE7324ACCBB000E3BB3F /* TodayController.swift */ = {isa = PBXFileReference; lastKnownFileType = sourcecode.swift; path = TodayController.swift; sourceTree = "<group>"; };
		7213CE7824ACCC4700E3BB3F /* TodayCell.swift */ = {isa = PBXFileReference; lastKnownFileType = sourcecode.swift; path = TodayCell.swift; sourceTree = "<group>"; };
		7213CE7A24AD112400E3BB3F /* AppFullscreenController.swift */ = {isa = PBXFileReference; lastKnownFileType = sourcecode.swift; path = AppFullscreenController.swift; sourceTree = "<group>"; };
		7213CE7C24AD173500E3BB3F /* AppFullscreedDescriptionCell.swift */ = {isa = PBXFileReference; lastKnownFileType = sourcecode.swift; path = AppFullscreedDescriptionCell.swift; sourceTree = "<group>"; };
		7213CE7E24ADE52800E3BB3F /* AppFullscreenHeaderCell.swift */ = {isa = PBXFileReference; lastKnownFileType = sourcecode.swift; path = AppFullscreenHeaderCell.swift; sourceTree = "<group>"; };
		7213CE8024ADED9900E3BB3F /* TodayItem.swift */ = {isa = PBXFileReference; lastKnownFileType = sourcecode.swift; path = TodayItem.swift; sourceTree = "<group>"; };
		7240C72224AA619B007948F8 /* SocialApp.swift */ = {isa = PBXFileReference; lastKnownFileType = sourcecode.swift; path = SocialApp.swift; sourceTree = "<group>"; };
		7240C72424ABABF5007948F8 /* HorizontalSnappingController.swift */ = {isa = PBXFileReference; lastKnownFileType = sourcecode.swift; path = HorizontalSnappingController.swift; sourceTree = "<group>"; };
		7240C72624ABB000007948F8 /* SnappingLayout.swift */ = {isa = PBXFileReference; lastKnownFileType = sourcecode.swift; path = SnappingLayout.swift; sourceTree = "<group>"; };
		7240C72924ABBA00007948F8 /* AppDetailController.swift */ = {isa = PBXFileReference; lastKnownFileType = sourcecode.swift; path = AppDetailController.swift; sourceTree = "<group>"; };
		726A5CE224A92A8E00C64BD4 /* SearchResultCell.swift */ = {isa = PBXFileReference; lastKnownFileType = sourcecode.swift; path = SearchResultCell.swift; sourceTree = "<group>"; };
		726A5CE524A94B4800C64BD4 /* UIView+Layout.swift */ = {isa = PBXFileReference; fileEncoding = 4; lastKnownFileType = sourcecode.swift; path = "UIView+Layout.swift"; sourceTree = "<group>"; };
		726A5CE724A94F5100C64BD4 /* VerticalStackView.swift */ = {isa = PBXFileReference; lastKnownFileType = sourcecode.swift; path = VerticalStackView.swift; sourceTree = "<group>"; };
		726A5CEA24A95B6600C64BD4 /* SearchResult.swift */ = {isa = PBXFileReference; lastKnownFileType = sourcecode.swift; path = SearchResult.swift; sourceTree = "<group>"; };
		726A5CED24A95F8700C64BD4 /* Service.swift */ = {isa = PBXFileReference; lastKnownFileType = sourcecode.swift; path = Service.swift; sourceTree = "<group>"; };
		726A5CF324AA042F00C64BD4 /* AppsPageViewController.swift */ = {isa = PBXFileReference; lastKnownFileType = sourcecode.swift; path = AppsPageViewController.swift; sourceTree = "<group>"; };
		726A5CF524AA04C400C64BD4 /* BaseListController.swift */ = {isa = PBXFileReference; lastKnownFileType = sourcecode.swift; path = BaseListController.swift; sourceTree = "<group>"; };
		726F969A24ABBE7E00B04BA9 /* AppDetailCell.swift */ = {isa = PBXFileReference; lastKnownFileType = sourcecode.swift; path = AppDetailCell.swift; sourceTree = "<group>"; };
		727AA39E24AA0700004C37EF /* AppsGroupCell.swift */ = {isa = PBXFileReference; lastKnownFileType = sourcecode.swift; path = AppsGroupCell.swift; sourceTree = "<group>"; };
		727AA3A024AA0A0E004C37EF /* UILabel+init.swift */ = {isa = PBXFileReference; lastKnownFileType = sourcecode.swift; path = "UILabel+init.swift"; sourceTree = "<group>"; };
		727AA3A224AA358F004C37EF /* AppsHorizontalController.swift */ = {isa = PBXFileReference; lastKnownFileType = sourcecode.swift; path = AppsHorizontalController.swift; sourceTree = "<group>"; };
		727AA3A424AA3C10004C37EF /* AppRowCell.swift */ = {isa = PBXFileReference; lastKnownFileType = sourcecode.swift; path = AppRowCell.swift; sourceTree = "<group>"; };
		727AA3A624AA3D56004C37EF /* UIImageView+init.swift */ = {isa = PBXFileReference; lastKnownFileType = sourcecode.swift; path = "UIImageView+init.swift"; sourceTree = "<group>"; };
		727AA3A824AA3DE0004C37EF /* UIButton+inir.swift */ = {isa = PBXFileReference; lastKnownFileType = sourcecode.swift; path = "UIButton+inir.swift"; sourceTree = "<group>"; };
		727AA3AA24AA428F004C37EF /* AppsPageHeader.swift */ = {isa = PBXFileReference; lastKnownFileType = sourcecode.swift; path = AppsPageHeader.swift; sourceTree = "<group>"; };
		727AA3AC24AA4437004C37EF /* AppsHeaderHorizontalController.swift */ = {isa = PBXFileReference; lastKnownFileType = sourcecode.swift; path = AppsHeaderHorizontalController.swift; sourceTree = "<group>"; };
		727AA3AE24AA4641004C37EF /* AppsHeaderCell.swift */ = {isa = PBXFileReference; lastKnownFileType = sourcecode.swift; path = AppsHeaderCell.swift; sourceTree = "<group>"; };
		727AA3B024AA4E17004C37EF /* AppGroup.swift */ = {isa = PBXFileReference; lastKnownFileType = sourcecode.swift; path = AppGroup.swift; sourceTree = "<group>"; };
		727AA3B224AA4E2C004C37EF /* Feed.swift */ = {isa = PBXFileReference; lastKnownFileType = sourcecode.swift; path = Feed.swift; sourceTree = "<group>"; };
		727AA3B424AA4E6E004C37EF /* FeedResult.swift */ = {isa = PBXFileReference; lastKnownFileType = sourcecode.swift; path = FeedResult.swift; sourceTree = "<group>"; };
		72CD601E24A912890074E697 /* AppStoreAPI.app */ = {isa = PBXFileReference; explicitFileType = wrapper.application; includeInIndex = 0; path = AppStoreAPI.app; sourceTree = BUILT_PRODUCTS_DIR; };
		72CD602124A912890074E697 /* AppDelegate.swift */ = {isa = PBXFileReference; lastKnownFileType = sourcecode.swift; path = AppDelegate.swift; sourceTree = "<group>"; };
		72CD602A24A9128A0074E697 /* Assets.xcassets */ = {isa = PBXFileReference; lastKnownFileType = folder.assetcatalog; path = Assets.xcassets; sourceTree = "<group>"; };
		72CD602F24A9128A0074E697 /* Info.plist */ = {isa = PBXFileReference; lastKnownFileType = text.plist.xml; path = Info.plist; sourceTree = "<group>"; };
		72CD603524A9134D0074E697 /* BaseTabBarController.swift */ = {isa = PBXFileReference; lastKnownFileType = sourcecode.swift; path = BaseTabBarController.swift; sourceTree = "<group>"; };
		72CD603A24A91EE60074E697 /* AppsSearchViewController.swift */ = {isa = PBXFileReference; lastKnownFileType = sourcecode.swift; path = AppsSearchViewController.swift; sourceTree = "<group>"; };
/* End PBXFileReference section */

/* Begin PBXFrameworksBuildPhase section */
		72CD601B24A912890074E697 /* Frameworks */ = {
			isa = PBXFrameworksBuildPhase;
			buildActionMask = 2147483647;
			files = (
				726A5CF124A9648B00C64BD4 /* SDWebImage in Frameworks */,
			);
			runOnlyForDeploymentPostprocessing = 0;
		};
/* End PBXFrameworksBuildPhase section */

/* Begin PBXGroup section */
		7213CE7224ACCBA200E3BB3F /* Today */ = {
			isa = PBXGroup;
			children = (
				7213CE7324ACCBB000E3BB3F /* TodayController.swift */,
				7213CE7A24AD112400E3BB3F /* AppFullscreenController.swift */,
			);
			path = Today;
			sourceTree = "<group>";
		};
		7213CE7524ACCC1800E3BB3F /* Today */ = {
			isa = PBXGroup;
			children = (
				7213CE7824ACCC4700E3BB3F /* TodayCell.swift */,
				7213CE7C24AD173500E3BB3F /* AppFullscreedDescriptionCell.swift */,
				7213CE7E24ADE52800E3BB3F /* AppFullscreenHeaderCell.swift */,
			);
			path = Today;
			sourceTree = "<group>";
		};
		7240C72824ABB9E2007948F8 /* Details */ = {
			isa = PBXGroup;
			children = (
				7240C72924ABBA00007948F8 /* AppDetailController.swift */,
				7213CE5C24ABE11E00E3BB3F /* PreviewScreenshotsController.swift */,
				7213CE6224AC839800E3BB3F /* ReviewsController.swift */,
			);
			path = Details;
			sourceTree = "<group>";
		};
		726A5CE124A92A6E00C64BD4 /* Views */ = {
			isa = PBXGroup;
			children = (
				7213CE7524ACCC1800E3BB3F /* Today */,
				727AA39D24AA06DB004C37EF /* Apps */,
				726A5CE224A92A8E00C64BD4 /* SearchResultCell.swift */,
			);
			path = Views;
			sourceTree = "<group>";
		};
		726A5CE424A94B2900C64BD4 /* Helpers */ = {
			isa = PBXGroup;
			children = (
				726A5CE524A94B4800C64BD4 /* UIView+Layout.swift */,
				727AA3A024AA0A0E004C37EF /* UILabel+init.swift */,
				727AA3A624AA3D56004C37EF /* UIImageView+init.swift */,
				727AA3A824AA3DE0004C37EF /* UIButton+inir.swift */,
				7213CE5824ABC2F900E3BB3F /* UIStackView+init.swift */,
				7240C72624ABB000007948F8 /* SnappingLayout.swift */,
				726A5CE724A94F5100C64BD4 /* VerticalStackView.swift */,
			);
			path = Helpers;
			sourceTree = "<group>";
		};
		726A5CE924A95B5300C64BD4 /* Model */ = {
			isa = PBXGroup;
			children = (
				726A5CEA24A95B6600C64BD4 /* SearchResult.swift */,
				7213CE6E24AC8C8A00E3BB3F /* Result.swift */,
				727AA3B024AA4E17004C37EF /* AppGroup.swift */,
				727AA3B224AA4E2C004C37EF /* Feed.swift */,
				727AA3B424AA4E6E004C37EF /* FeedResult.swift */,
				7240C72224AA619B007948F8 /* SocialApp.swift */,
				7213CE6624AC8BC800E3BB3F /* Reviews.swift */,
				7213CE6824AC8BE500E3BB3F /* ReviewFeed.swift */,
				7213CE6A24AC8C5700E3BB3F /* Entry.swift */,
				7213CE6C24AC8C6D00E3BB3F /* Label.swift */,
				7213CE7024AC8DD300E3BB3F /* Author.swift */,
				7213CE8024ADED9900E3BB3F /* TodayItem.swift */,
			);
			path = Model;
			sourceTree = "<group>";
		};
		726A5CEC24A95F7B00C64BD4 /* Service */ = {
			isa = PBXGroup;
			children = (
				726A5CED24A95F8700C64BD4 /* Service.swift */,
			);
			path = Service;
			sourceTree = "<group>";
		};
		726A5CF224AA041E00C64BD4 /* Apps */ = {
			isa = PBXGroup;
			children = (
				7240C72824ABB9E2007948F8 /* Details */,
				726A5CF324AA042F00C64BD4 /* AppsPageViewController.swift */,
				727AA3A224AA358F004C37EF /* AppsHorizontalController.swift */,
				727AA3AC24AA4437004C37EF /* AppsHeaderHorizontalController.swift */,
			);
			path = Apps;
			sourceTree = "<group>";
		};
		726F969924ABBE6000B04BA9 /* Details */ = {
			isa = PBXGroup;
			children = (
				726F969A24ABBE7E00B04BA9 /* AppDetailCell.swift */,
				7213CE5A24ABDBBA00E3BB3F /* PreviewCell.swift */,
				7213CE5E24ABE25900E3BB3F /* ScreenshotCell.swift */,
				7213CE6024ABE6ED00E3BB3F /* ReviewRowCell.swift */,
				7213CE6424AC84E400E3BB3F /* ReviewCell.swift */,
			);
			path = Details;
			sourceTree = "<group>";
		};
		727AA39D24AA06DB004C37EF /* Apps */ = {
			isa = PBXGroup;
			children = (
				726F969924ABBE6000B04BA9 /* Details */,
				727AA39E24AA0700004C37EF /* AppsGroupCell.swift */,
				727AA3A424AA3C10004C37EF /* AppRowCell.swift */,
				727AA3AA24AA428F004C37EF /* AppsPageHeader.swift */,
				727AA3AE24AA4641004C37EF /* AppsHeaderCell.swift */,
			);
			path = Apps;
			sourceTree = "<group>";
		};
		72C542D924AA05B80055B76F /* Search */ = {
			isa = PBXGroup;
			children = (
				72CD603A24A91EE60074E697 /* AppsSearchViewController.swift */,
			);
			path = Search;
			sourceTree = "<group>";
		};
		72CD601524A912890074E697 = {
			isa = PBXGroup;
			children = (
				72CD602024A912890074E697 /* AppStoreAPI */,
				72CD601F24A912890074E697 /* Products */,
			);
			sourceTree = "<group>";
		};
		72CD601F24A912890074E697 /* Products */ = {
			isa = PBXGroup;
			children = (
				72CD601E24A912890074E697 /* AppStoreAPI.app */,
			);
			name = Products;
			sourceTree = "<group>";
		};
		72CD602024A912890074E697 /* AppStoreAPI */ = {
			isa = PBXGroup;
			children = (
				726A5CEC24A95F7B00C64BD4 /* Service */,
				726A5CE924A95B5300C64BD4 /* Model */,
				726A5CE424A94B2900C64BD4 /* Helpers */,
				726A5CE124A92A6E00C64BD4 /* Views */,
				72CD603724A91EA00074E697 /* Controllers */,
				72CD602124A912890074E697 /* AppDelegate.swift */,
				72CD602A24A9128A0074E697 /* Assets.xcassets */,
				72CD602F24A9128A0074E697 /* Info.plist */,
			);
			path = AppStoreAPI;
			sourceTree = "<group>";
		};
		72CD603724A91EA00074E697 /* Controllers */ = {
			isa = PBXGroup;
			children = (
				7213CE7224ACCBA200E3BB3F /* Today */,
				726A5CF224AA041E00C64BD4 /* Apps */,
				72C542D924AA05B80055B76F /* Search */,
				72CD603524A9134D0074E697 /* BaseTabBarController.swift */,
				726A5CF524AA04C400C64BD4 /* BaseListController.swift */,
				7240C72424ABABF5007948F8 /* HorizontalSnappingController.swift */,
			);
			path = Controllers;
			sourceTree = "<group>";
		};
/* End PBXGroup section */

/* Begin PBXNativeTarget section */
		72CD601D24A912890074E697 /* AppStoreAPI */ = {
			isa = PBXNativeTarget;
			buildConfigurationList = 72CD603224A9128A0074E697 /* Build configuration list for PBXNativeTarget "AppStoreAPI" */;
			buildPhases = (
				72CD601A24A912890074E697 /* Sources */,
				72CD601B24A912890074E697 /* Frameworks */,
				72CD601C24A912890074E697 /* Resources */,
			);
			buildRules = (
			);
			dependencies = (
			);
			name = AppStoreAPI;
			packageProductDependencies = (
				726A5CF024A9648B00C64BD4 /* SDWebImage */,
			);
			productName = AppStoreAPI;
			productReference = 72CD601E24A912890074E697 /* AppStoreAPI.app */;
			productType = "com.apple.product-type.application";
		};
/* End PBXNativeTarget section */

/* Begin PBXProject section */
		72CD601624A912890074E697 /* Project object */ = {
			isa = PBXProject;
			attributes = {
				LastSwiftUpdateCheck = 1150;
				LastUpgradeCheck = 1150;
				ORGANIZATIONNAME = "Nikita Gundorin";
				TargetAttributes = {
					72CD601D24A912890074E697 = {
						CreatedOnToolsVersion = 11.5;
					};
				};
			};
			buildConfigurationList = 72CD601924A912890074E697 /* Build configuration list for PBXProject "AppStoreAPI" */;
			compatibilityVersion = "Xcode 9.3";
			developmentRegion = en;
			hasScannedForEncodings = 0;
			knownRegions = (
				en,
				Base,
			);
			mainGroup = 72CD601524A912890074E697;
			packageReferences = (
				726A5CEF24A9648B00C64BD4 /* XCRemoteSwiftPackageReference "SDWebImage" */,
			);
			productRefGroup = 72CD601F24A912890074E697 /* Products */;
			projectDirPath = "";
			projectRoot = "";
			targets = (
				72CD601D24A912890074E697 /* AppStoreAPI */,
			);
		};
/* End PBXProject section */

/* Begin PBXResourcesBuildPhase section */
		72CD601C24A912890074E697 /* Resources */ = {
			isa = PBXResourcesBuildPhase;
			buildActionMask = 2147483647;
			files = (
				72CD602B24A9128A0074E697 /* Assets.xcassets in Resources */,
			);
			runOnlyForDeploymentPostprocessing = 0;
		};
/* End PBXResourcesBuildPhase section */

/* Begin PBXSourcesBuildPhase section */
		72CD601A24A912890074E697 /* Sources */ = {
			isa = PBXSourcesBuildPhase;
			buildActionMask = 2147483647;
			files = (
				7213CE7B24AD112400E3BB3F /* AppFullscreenController.swift in Sources */,
				7240C72324AA619B007948F8 /* SocialApp.swift in Sources */,
				727AA3A324AA358F004C37EF /* AppsHorizontalController.swift in Sources */,
				72CD603624A9134D0074E697 /* BaseTabBarController.swift in Sources */,
				7213CE7424ACCBB000E3BB3F /* TodayController.swift in Sources */,
				7213CE5B24ABDBBA00E3BB3F /* PreviewCell.swift in Sources */,
				726A5CF624AA04C400C64BD4 /* BaseListController.swift in Sources */,
				7213CE6924AC8BE500E3BB3F /* ReviewFeed.swift in Sources */,
				727AA3A924AA3DE0004C37EF /* UIButton+inir.swift in Sources */,
				7213CE6724AC8BC800E3BB3F /* Reviews.swift in Sources */,
				727AA3B524AA4E6E004C37EF /* FeedResult.swift in Sources */,
				7213CE7D24AD173500E3BB3F /* AppFullscreedDescriptionCell.swift in Sources */,
				727AA39F24AA0700004C37EF /* AppsGroupCell.swift in Sources */,
				726A5CEE24A95F8700C64BD4 /* Service.swift in Sources */,
				726A5CEB24A95B6600C64BD4 /* SearchResult.swift in Sources */,
				727AA3A524AA3C10004C37EF /* AppRowCell.swift in Sources */,
				72CD603B24A91EE60074E697 /* AppsSearchViewController.swift in Sources */,
				72CD602224A912890074E697 /* AppDelegate.swift in Sources */,
				727AA3B324AA4E2C004C37EF /* Feed.swift in Sources */,
				727AA3AD24AA4437004C37EF /* AppsHeaderHorizontalController.swift in Sources */,
				7213CE5F24ABE25900E3BB3F /* ScreenshotCell.swift in Sources */,
				727AA3AB24AA428F004C37EF /* AppsPageHeader.swift in Sources */,
				7213CE5924ABC2F900E3BB3F /* UIStackView+init.swift in Sources */,
				7240C72724ABB000007948F8 /* SnappingLayout.swift in Sources */,
				727AA3A724AA3D56004C37EF /* UIImageView+init.swift in Sources */,
				7240C72A24ABBA00007948F8 /* AppDetailController.swift in Sources */,
				726A5CF424AA042F00C64BD4 /* AppsPageViewController.swift in Sources */,
				726F969B24ABBE7E00B04BA9 /* AppDetailCell.swift in Sources */,
				7213CE6524AC84E400E3BB3F /* ReviewCell.swift in Sources */,
				726A5CE624A94B4800C64BD4 /* UIView+Layout.swift in Sources */,
				7213CE8124ADED9900E3BB3F /* TodayItem.swift in Sources */,
				7213CE6F24AC8C8A00E3BB3F /* Result.swift in Sources */,
				7213CE7924ACCC4700E3BB3F /* TodayCell.swift in Sources */,
				7213CE6124ABE6ED00E3BB3F /* ReviewRowCell.swift in Sources */,
				7213CE6D24AC8C6D00E3BB3F /* Label.swift in Sources */,
				727AA3B124AA4E17004C37EF /* AppGroup.swift in Sources */,
				727AA3AF24AA4641004C37EF /* AppsHeaderCell.swift in Sources */,
				7213CE6324AC839800E3BB3F /* ReviewsController.swift in Sources */,
				7213CE6B24AC8C5700E3BB3F /* Entry.swift in Sources */,
				7213CE7124AC8DD300E3BB3F /* Author.swift in Sources */,
				726A5CE324A92A8E00C64BD4 /* SearchResultCell.swift in Sources */,
				7213CE7F24ADE52800E3BB3F /* AppFullscreenHeaderCell.swift in Sources */,
				727AA3A124AA0A0E004C37EF /* UILabel+init.swift in Sources */,
				726A5CE824A94F5100C64BD4 /* VerticalStackView.swift in Sources */,
				7213CE5D24ABE11E00E3BB3F /* PreviewScreenshotsController.swift in Sources */,
				7240C72524ABABF5007948F8 /* HorizontalSnappingController.swift in Sources */,
			);
			runOnlyForDeploymentPostprocessing = 0;
		};
/* End PBXSourcesBuildPhase section */

/* Begin XCBuildConfiguration section */
		72CD603024A9128A0074E697 /* Debug */ = {
			isa = XCBuildConfiguration;
			buildSettings = {
				ALWAYS_SEARCH_USER_PATHS = NO;
				CLANG_ANALYZER_NONNULL = YES;
				CLANG_ANALYZER_NUMBER_OBJECT_CONVERSION = YES_AGGRESSIVE;
				CLANG_CXX_LANGUAGE_STANDARD = "gnu++14";
				CLANG_CXX_LIBRARY = "libc++";
				CLANG_ENABLE_MODULES = YES;
				CLANG_ENABLE_OBJC_ARC = YES;
				CLANG_ENABLE_OBJC_WEAK = YES;
				CLANG_WARN_BLOCK_CAPTURE_AUTORELEASING = YES;
				CLANG_WARN_BOOL_CONVERSION = YES;
				CLANG_WARN_COMMA = YES;
				CLANG_WARN_CONSTANT_CONVERSION = YES;
				CLANG_WARN_DEPRECATED_OBJC_IMPLEMENTATIONS = YES;
				CLANG_WARN_DIRECT_OBJC_ISA_USAGE = YES_ERROR;
				CLANG_WARN_DOCUMENTATION_COMMENTS = YES;
				CLANG_WARN_EMPTY_BODY = YES;
				CLANG_WARN_ENUM_CONVERSION = YES;
				CLANG_WARN_INFINITE_RECURSION = YES;
				CLANG_WARN_INT_CONVERSION = YES;
				CLANG_WARN_NON_LITERAL_NULL_CONVERSION = YES;
				CLANG_WARN_OBJC_IMPLICIT_RETAIN_SELF = YES;
				CLANG_WARN_OBJC_LITERAL_CONVERSION = YES;
				CLANG_WARN_OBJC_ROOT_CLASS = YES_ERROR;
				CLANG_WARN_RANGE_LOOP_ANALYSIS = YES;
				CLANG_WARN_STRICT_PROTOTYPES = YES;
				CLANG_WARN_SUSPICIOUS_MOVE = YES;
				CLANG_WARN_UNGUARDED_AVAILABILITY = YES_AGGRESSIVE;
				CLANG_WARN_UNREACHABLE_CODE = YES;
				CLANG_WARN__DUPLICATE_METHOD_MATCH = YES;
				COPY_PHASE_STRIP = NO;
				DEBUG_INFORMATION_FORMAT = dwarf;
				ENABLE_STRICT_OBJC_MSGSEND = YES;
				ENABLE_TESTABILITY = YES;
				GCC_C_LANGUAGE_STANDARD = gnu11;
				GCC_DYNAMIC_NO_PIC = NO;
				GCC_NO_COMMON_BLOCKS = YES;
				GCC_OPTIMIZATION_LEVEL = 0;
				GCC_PREPROCESSOR_DEFINITIONS = (
					"DEBUG=1",
					"$(inherited)",
				);
				GCC_WARN_64_TO_32_BIT_CONVERSION = YES;
				GCC_WARN_ABOUT_RETURN_TYPE = YES_ERROR;
				GCC_WARN_UNDECLARED_SELECTOR = YES;
				GCC_WARN_UNINITIALIZED_AUTOS = YES_AGGRESSIVE;
				GCC_WARN_UNUSED_FUNCTION = YES;
				GCC_WARN_UNUSED_VARIABLE = YES;
				IPHONEOS_DEPLOYMENT_TARGET = 13.5;
				MTL_ENABLE_DEBUG_INFO = INCLUDE_SOURCE;
				MTL_FAST_MATH = YES;
				ONLY_ACTIVE_ARCH = YES;
				SDKROOT = iphoneos;
				SWIFT_ACTIVE_COMPILATION_CONDITIONS = DEBUG;
				SWIFT_OPTIMIZATION_LEVEL = "-Onone";
			};
			name = Debug;
		};
		72CD603124A9128A0074E697 /* Release */ = {
			isa = XCBuildConfiguration;
			buildSettings = {
				ALWAYS_SEARCH_USER_PATHS = NO;
				CLANG_ANALYZER_NONNULL = YES;
				CLANG_ANALYZER_NUMBER_OBJECT_CONVERSION = YES_AGGRESSIVE;
				CLANG_CXX_LANGUAGE_STANDARD = "gnu++14";
				CLANG_CXX_LIBRARY = "libc++";
				CLANG_ENABLE_MODULES = YES;
				CLANG_ENABLE_OBJC_ARC = YES;
				CLANG_ENABLE_OBJC_WEAK = YES;
				CLANG_WARN_BLOCK_CAPTURE_AUTORELEASING = YES;
				CLANG_WARN_BOOL_CONVERSION = YES;
				CLANG_WARN_COMMA = YES;
				CLANG_WARN_CONSTANT_CONVERSION = YES;
				CLANG_WARN_DEPRECATED_OBJC_IMPLEMENTATIONS = YES;
				CLANG_WARN_DIRECT_OBJC_ISA_USAGE = YES_ERROR;
				CLANG_WARN_DOCUMENTATION_COMMENTS = YES;
				CLANG_WARN_EMPTY_BODY = YES;
				CLANG_WARN_ENUM_CONVERSION = YES;
				CLANG_WARN_INFINITE_RECURSION = YES;
				CLANG_WARN_INT_CONVERSION = YES;
				CLANG_WARN_NON_LITERAL_NULL_CONVERSION = YES;
				CLANG_WARN_OBJC_IMPLICIT_RETAIN_SELF = YES;
				CLANG_WARN_OBJC_LITERAL_CONVERSION = YES;
				CLANG_WARN_OBJC_ROOT_CLASS = YES_ERROR;
				CLANG_WARN_RANGE_LOOP_ANALYSIS = YES;
				CLANG_WARN_STRICT_PROTOTYPES = YES;
				CLANG_WARN_SUSPICIOUS_MOVE = YES;
				CLANG_WARN_UNGUARDED_AVAILABILITY = YES_AGGRESSIVE;
				CLANG_WARN_UNREACHABLE_CODE = YES;
				CLANG_WARN__DUPLICATE_METHOD_MATCH = YES;
				COPY_PHASE_STRIP = NO;
				DEBUG_INFORMATION_FORMAT = "dwarf-with-dsym";
				ENABLE_NS_ASSERTIONS = NO;
				ENABLE_STRICT_OBJC_MSGSEND = YES;
				GCC_C_LANGUAGE_STANDARD = gnu11;
				GCC_NO_COMMON_BLOCKS = YES;
				GCC_WARN_64_TO_32_BIT_CONVERSION = YES;
				GCC_WARN_ABOUT_RETURN_TYPE = YES_ERROR;
				GCC_WARN_UNDECLARED_SELECTOR = YES;
				GCC_WARN_UNINITIALIZED_AUTOS = YES_AGGRESSIVE;
				GCC_WARN_UNUSED_FUNCTION = YES;
				GCC_WARN_UNUSED_VARIABLE = YES;
				IPHONEOS_DEPLOYMENT_TARGET = 13.5;
				MTL_ENABLE_DEBUG_INFO = NO;
				MTL_FAST_MATH = YES;
				SDKROOT = iphoneos;
				SWIFT_COMPILATION_MODE = wholemodule;
				SWIFT_OPTIMIZATION_LEVEL = "-O";
				VALIDATE_PRODUCT = YES;
			};
			name = Release;
		};
		72CD603324A9128A0074E697 /* Debug */ = {
			isa = XCBuildConfiguration;
			buildSettings = {
				ASSETCATALOG_COMPILER_APPICON_NAME = AppIcon;
				CODE_SIGN_STYLE = Automatic;
				DEVELOPMENT_TEAM = T6696YN386;
				INFOPLIST_FILE = AppStoreAPI/Info.plist;
				IPHONEOS_DEPLOYMENT_TARGET = 11.0;
				LD_RUNPATH_SEARCH_PATHS = (
					"$(inherited)",
					"@executable_path/Frameworks",
				);
				PRODUCT_BUNDLE_IDENTIFIER = nikitagundorin.AppStoreAPI;
				PRODUCT_NAME = "$(TARGET_NAME)";
				SWIFT_VERSION = 5.0;
				TARGETED_DEVICE_FAMILY = 1;
			};
			name = Debug;
		};
		72CD603424A9128A0074E697 /* Release */ = {
			isa = XCBuildConfiguration;
			buildSettings = {
				ASSETCATALOG_COMPILER_APPICON_NAME = AppIcon;
				CODE_SIGN_STYLE = Automatic;
				DEVELOPMENT_TEAM = T6696YN386;
				INFOPLIST_FILE = AppStoreAPI/Info.plist;
				IPHONEOS_DEPLOYMENT_TARGET = 11.0;
				LD_RUNPATH_SEARCH_PATHS = (
					"$(inherited)",
					"@executable_path/Frameworks",
				);
				PRODUCT_BUNDLE_IDENTIFIER = nikitagundorin.AppStoreAPI;
				PRODUCT_NAME = "$(TARGET_NAME)";
				SWIFT_VERSION = 5.0;
				TARGETED_DEVICE_FAMILY = 1;
			};
			name = Release;
		};
/* End XCBuildConfiguration section */

/* Begin XCConfigurationList section */
		72CD601924A912890074E697 /* Build configuration list for PBXProject "AppStoreAPI" */ = {
			isa = XCConfigurationList;
			buildConfigurations = (
				72CD603024A9128A0074E697 /* Debug */,
				72CD603124A9128A0074E697 /* Release */,
			);
			defaultConfigurationIsVisible = 0;
			defaultConfigurationName = Release;
		};
		72CD603224A9128A0074E697 /* Build configuration list for PBXNativeTarget "AppStoreAPI" */ = {
			isa = XCConfigurationList;
			buildConfigurations = (
				72CD603324A9128A0074E697 /* Debug */,
				72CD603424A9128A0074E697 /* Release */,
			);
			defaultConfigurationIsVisible = 0;
			defaultConfigurationName = Release;
		};
/* End XCConfigurationList section */

/* Begin XCRemoteSwiftPackageReference section */
		726A5CEF24A9648B00C64BD4 /* XCRemoteSwiftPackageReference "SDWebImage" */ = {
			isa = XCRemoteSwiftPackageReference;
			repositoryURL = "https://github.com/SDWebImage/SDWebImage.git";
			requirement = {
				kind = upToNextMajorVersion;
				minimumVersion = 5.8.2;
			};
		};
/* End XCRemoteSwiftPackageReference section */

/* Begin XCSwiftPackageProductDependency section */
		726A5CF024A9648B00C64BD4 /* SDWebImage */ = {
			isa = XCSwiftPackageProductDependency;
			package = 726A5CEF24A9648B00C64BD4 /* XCRemoteSwiftPackageReference "SDWebImage" */;
			productName = SDWebImage;
		};
/* End XCSwiftPackageProductDependency section */
	};
	rootObject = 72CD601624A912890074E697 /* Project object */;
}
